
Microsoft Visual Studio Solution File, Format Version 12.00
# Visual Studio Version 17
VisualStudioVersion = 17.4.33103.184
MinimumVisualStudioVersion = 10.0.40219.1
Project("{FAE04EC0-301F-11D3-BF4B-00C04F79EFBC}") = "Advent2022", "Advent2022\Advent2022.csproj", "{BDEAA592-5AD9-4051-9528-5F49F8CFBBBE}"
EndProject
Global
	GlobalSection(SolutionConfigurationPlatforms) = preSolution
		Debug|Any CPU = Debug|Any CPU
		Release|Any CPU = Release|Any CPU
	EndGlobalSection
	GlobalSection(ProjectConfigurationPlatforms) = postSolution
		{BDEAA592-5AD9-4051-9528-5F49F8CFBBBE}.Debug|Any CPU.ActiveCfg = Debug|Any CPU
		{BDEAA592-5AD9-4051-9528-5F49F8CFBBBE}.Debug|Any CPU.Build.0 = Debug|Any CPU
		{BDEAA592-5AD9-4051-9528-5F49F8CFBBBE}.Release|Any CPU.ActiveCfg = Release|Any CPU
		{BDEAA592-5AD9-4051-9528-5F49F8CFBBBE}.Release|Any CPU.Build.0 = Release|Any CPU
	EndGlobalSection
	GlobalSection(SolutionProperties) = preSolution
		HideSolutionNode = FALSE
	EndGlobalSection
	GlobalSection(ExtensibilityGlobals) = postSolution
		SolutionGuid = {933CF024-0901-448B-A6B5-F214FDABDDCF}
	EndGlobalSection
EndGlobal
